{
  "version": 4,
  "terraform_version": "1.1.9",
  "serial": 13,
  "lineage": "03fb0f01-6147-0b33-ebd1-d757c711a0a9",
  "outputs": {
    "datacenter_id": {
      "value": "ecbad246-9de0-4b9b-a6cc-dc5200bf6c19",
      "type": "string"
    },
    "datacenter_lan": {
      "value": "1",
      "type": "string"
    }
  },
  "resources": [
    {
      "mode": "managed",
      "type": "ionoscloud_datacenter",
      "name": "amardeep-dc",
      "provider": "provider[\"registry.terraform.io/ionos-cloud/ionoscloud\"]",
      "instances": [
        {
          "schema_version": 0,
          "attributes": {
            "cpu_architecture": [
              {
                "cpu_family": "INTEL_SKYLAKE",
                "max_cores": 4,
                "max_ram": 20480,
                "vendor": "GenuineIntel"
              }
            ],
            "description": "DC for hosting k8s cluster",
            "features": [
              "cloud-init",
              "cloud-init-private-image",
              "contract-identities",
              "core-vps",
              "cpu-hot-plug",
              "disk-vio-hot-plug",
              "disk-vio-hot-unplug",
              "flow-logs",
              "k8s",
              "mem-hot-plug",
              "monitoring",
              "nic-hot-plug",
              "nic-hot-unplug",
              "private-loadbalancer",
              "ssd",
              "ssd-storage-zoning",
              "vnf-cidr",
              "vnf-fw",
              "vnf-lb",
              "vnf-nat"
            ],
            "id": "ecbad246-9de0-4b9b-a6cc-dc5200bf6c19",
            "location": "de/txl",
            "name": "Cloud-engineer-dc",
            "sec_auth_protection": false,
            "timeouts": null,
            "version": 3
          },
          "sensitive_attributes": [],
          "private": "eyJlMmJmYjczMC1lY2FhLTExZTYtOGY4OC0zNDM2M2JjN2M0YzAiOnsiY3JlYXRlIjozNjAwMDAwMDAwMDAwLCJkZWZhdWx0IjozNjAwMDAwMDAwMDAwLCJkZWxldGUiOjM2MDAwMDAwMDAwMDAsInJlYWQiOjM2MDAwMDAwMDAwMDAsInVwZGF0ZSI6MzYwMDAwMDAwMDAwMH19"
        }
      ]
    },
    {
      "mode": "managed",
      "type": "ionoscloud_ipblock",
      "name": "node-ip",
      "provider": "provider[\"registry.terraform.io/ionos-cloud/ionoscloud\"]",
      "instances": [
        {
          "schema_version": 0,
          "attributes": {
            "id": "e5c8813e-914d-4330-babb-6ec644c37b76",
            "ip_consumers": null,
            "ips": [
              "85.215.165.25",
              "85.215.165.26"
            ],
            "location": "de/txl",
            "name": "IP Block for node pool",
            "size": 2,
            "timeouts": null
          },
          "sensitive_attributes": [],
          "private": "eyJlMmJmYjczMC1lY2FhLTExZTYtOGY4OC0zNDM2M2JjN2M0YzAiOnsiY3JlYXRlIjozNjAwMDAwMDAwMDAwLCJkZWZhdWx0IjozNjAwMDAwMDAwMDAwLCJkZWxldGUiOjM2MDAwMDAwMDAwMDAsInJlYWQiOjM2MDAwMDAwMDAwMDAsInVwZGF0ZSI6MzYwMDAwMDAwMDAwMH19"
        }
      ]
    },
    {
      "mode": "managed",
      "type": "ionoscloud_k8s_cluster",
      "name": "k8sCluster",
      "provider": "provider[\"registry.terraform.io/ionos-cloud/ionoscloud\"]",
      "instances": [
        {
          "schema_version": 0,
          "attributes": {
            "api_subnet_allow_list": null,
            "id": "61cd1826-c0b5-4b7d-8758-33e2fb14b6da",
            "k8s_version": "1.22.6",
            "maintenance_window": [
              {
                "day_of_the_week": "Sunday",
                "time": "12:24:28Z"
              }
            ],
            "name": "k8sCluster-amardeep",
            "public": true,
            "s3_buckets": [],
            "timeouts": null,
            "viable_node_pool_versions": [
              "1.21.9",
              "1.21.11",
              "1.21.12",
              "1.22.6",
              "1.22.8",
              "1.22.9"
            ]
          },
          "sensitive_attributes": [],
          "private": "eyJlMmJmYjczMC1lY2FhLTExZTYtOGY4OC0zNDM2M2JjN2M0YzAiOnsiY3JlYXRlIjozNjAwMDAwMDAwMDAwLCJkZWZhdWx0IjozNjAwMDAwMDAwMDAwLCJkZWxldGUiOjM2MDAwMDAwMDAwMDAsInJlYWQiOjM2MDAwMDAwMDAwMDAsInVwZGF0ZSI6MzYwMDAwMDAwMDAwMH19"
        }
      ]
    },
    {
      "mode": "managed",
      "type": "ionoscloud_k8s_node_pool",
      "name": "example",
      "provider": "provider[\"registry.terraform.io/ionos-cloud/ionoscloud\"]",
      "instances": [
        {
          "schema_version": 1,
          "attributes": {
            "allow_replace": false,
            "annotations": null,
            "auto_scaling": [],
            "availability_zone": "AUTO",
            "cores_count": 4,
            "cpu_family": "INTEL_SKYLAKE",
            "datacenter_id": "ecbad246-9de0-4b9b-a6cc-dc5200bf6c19",
            "gateway_ip": null,
            "id": "bbef998f-7040-4d55-93e5-a0c00f4bb7f5",
            "k8s_cluster_id": "61cd1826-c0b5-4b7d-8758-33e2fb14b6da",
            "k8s_version": "1.22.6",
            "labels": {
              "job": "cloud-engineer",
              "owner": "Amardeep"
            },
            "lans": [
              {
                "dhcp": true,
                "id": 1,
                "routes": [
                  {
                    "gateway_ip": "10.1.5.17",
                    "network": "1.2.3.5/24"
                  }
                ]
              }
            ],
            "maintenance_window": [
              {
                "day_of_the_week": "Sunday",
                "time": "19:52:58Z"
              }
            ],
            "name": "k8sNodePool",
            "node_count": 1,
            "public_ips": [
              "85.215.165.25",
              "85.215.165.26"
            ],
            "ram_size": 4096,
            "storage_size": 50,
            "storage_type": "SSD",
            "timeouts": null
          },
          "sensitive_attributes": [],
          "private": "eyJlMmJmYjczMC1lY2FhLTExZTYtOGY4OC0zNDM2M2JjN2M0YzAiOnsiY3JlYXRlIjozNjAwMDAwMDAwMDAwLCJkZWZhdWx0IjozNjAwMDAwMDAwMDAwLCJkZWxldGUiOjM2MDAwMDAwMDAwMDAsInJlYWQiOjM2MDAwMDAwMDAwMDAsInVwZGF0ZSI6MzYwMDAwMDAwMDAwMH0sInNjaGVtYV92ZXJzaW9uIjoiMSJ9",
          "dependencies": [
            "ionoscloud_datacenter.amardeep-dc",
            "ionoscloud_ipblock.node-ip",
            "ionoscloud_k8s_cluster.k8sCluster",
            "ionoscloud_lan.amardeep-lan"
          ]
        }
      ]
    },
    {
      "mode": "managed",
      "type": "ionoscloud_lan",
      "name": "amardeep-lan",
      "provider": "provider[\"registry.terraform.io/ionos-cloud/ionoscloud\"]",
      "instances": [
        {
          "schema_version": 0,
          "attributes": {
            "datacenter_id": "ecbad246-9de0-4b9b-a6cc-dc5200bf6c19",
            "id": "1",
            "ip_failover": [],
            "name": "Lan's ID for node pool",
            "pcc": null,
            "public": false,
            "timeouts": null
          },
          "sensitive_attributes": [],
          "private": "eyJlMmJmYjczMC1lY2FhLTExZTYtOGY4OC0zNDM2M2JjN2M0YzAiOnsiY3JlYXRlIjozNjAwMDAwMDAwMDAwLCJkZWZhdWx0IjozNjAwMDAwMDAwMDAwLCJkZWxldGUiOjM2MDAwMDAwMDAwMDAsInJlYWQiOjM2MDAwMDAwMDAwMDAsInVwZGF0ZSI6MzYwMDAwMDAwMDAwMH19",
          "dependencies": [
            "ionoscloud_datacenter.amardeep-dc"
          ]
        }
      ]
    }
  ]
}
